
Microsoft Visual Studio Solution File, Format Version 12.00
# Visual Studio Version 16
VisualStudioVersion = 16.0.30320.27
MinimumVisualStudioVersion = 10.0.40219.1
Project("{FAE04EC0-301F-11D3-BF4B-00C04F79EFBC}") = "hw4.2", "hw4.2\hw4.2.csproj", "{5D468852-0A7A-48BC-B963-C24A9BFD7F19}"
EndProject
Global
	GlobalSection(SolutionConfigurationPlatforms) = preSolution
		Debug|Any CPU = Debug|Any CPU
		Release|Any CPU = Release|Any CPU
	EndGlobalSection
	GlobalSection(ProjectConfigurationPlatforms) = postSolution
		{5D468852-0A7A-48BC-B963-C24A9BFD7F19}.Debug|Any CPU.ActiveCfg = Debug|Any CPU
		{5D468852-0A7A-48BC-B963-C24A9BFD7F19}.Debug|Any CPU.Build.0 = Debug|Any CPU
		{5D468852-0A7A-48BC-B963-C24A9BFD7F19}.Release|Any CPU.ActiveCfg = Release|Any CPU
		{5D468852-0A7A-48BC-B963-C24A9BFD7F19}.Release|Any CPU.Build.0 = Release|Any CPU
	EndGlobalSection
	GlobalSection(SolutionProperties) = preSolution
		HideSolutionNode = FALSE
	EndGlobalSection
	GlobalSection(ExtensibilityGlobals) = postSolution
		SolutionGuid = {1B9908D0-C6CD-4A96-8EA7-2262309BA41E}
	EndGlobalSection
EndGlobal
